{
  "requires": true,
  "lockfileVersion": 1,
  "dependencies": {
    "ar-drone": {
      "version": "git://github.com/felixge/node-ar-drone.git#9a9d60fd925e735d3c2cd67e65bcf7e2a14e6d59",
      "from": "git://github.com/felixge/node-ar-drone.git",
      "requires": {
        "buffy": "0.0.4",
        "simple-debug": "~1.1.1"
      }
    },
    "buffy": {
      "version": "0.0.4",
      "resolved": "https://registry.npmjs.org/buffy/-/buffy-0.0.4.tgz",
      "integrity": "sha1-0ggQT72bR6h8uwH+Oy7y31QwDfg="
    },
    "simple-debug": {
      "version": "1.1.2",
      "resolved": "https://registry.npmjs.org/simple-debug/-/simple-debug-1.1.2.tgz",
      "integrity": "sha1-CTTh23WjNwaE96y2Y9FVtNRMxss="
    }
  }
}
